
Microsoft Visual Studio Solution File, Format Version 12.00
# Visual Studio Version 17
VisualStudioVersion = 17.3.32922.545
MinimumVisualStudioVersion = 10.0.40219.1
Project("{FAE04EC0-301F-11D3-BF4B-00C04F79EFBC}") = "RoslynCodeBodyAnalyser", "RoslynCodeBodyAnalyser\RoslynCodeBodyAnalyser.csproj", "{A37F4820-5843-44C1-A487-E3C36F6B63F2}"
EndProject
Project("{2150E333-8FDC-42A3-9474-1A3956D46DE8}") = "Solution Items", "Solution Items", "{3A69758C-6DC1-42B1-8452-E3B881C71481}"
	ProjectSection(SolutionItems) = preProject
		.editorconfig = .editorconfig
	EndProjectSection
EndProject
Global
	GlobalSection(SolutionConfigurationPlatforms) = preSolution
		Debug|Any CPU = Debug|Any CPU
		Release|Any CPU = Release|Any CPU
	EndGlobalSection
	GlobalSection(ProjectConfigurationPlatforms) = postSolution
		{A37F4820-5843-44C1-A487-E3C36F6B63F2}.Debug|Any CPU.ActiveCfg = Debug|Any CPU
		{A37F4820-5843-44C1-A487-E3C36F6B63F2}.Debug|Any CPU.Build.0 = Debug|Any CPU
		{A37F4820-5843-44C1-A487-E3C36F6B63F2}.Release|Any CPU.ActiveCfg = Release|Any CPU
		{A37F4820-5843-44C1-A487-E3C36F6B63F2}.Release|Any CPU.Build.0 = Release|Any CPU
	EndGlobalSection
	GlobalSection(SolutionProperties) = preSolution
		HideSolutionNode = FALSE
	EndGlobalSection
	GlobalSection(ExtensibilityGlobals) = postSolution
		SolutionGuid = {95CA7909-3614-46E6-8D43-6713A6420906}
	EndGlobalSection
EndGlobal
